// !$*UTF8*$!
{
	archiveVersion = 1;
	classes = {
	};
	objectVersion = 50;
	objects = {

/* Begin PBXBuildFile section */
		81D7C4E526CD820A000290C6 /* AppDelegate.swift in Sources */ = {isa = PBXBuildFile; fileRef = 81D7C4E426CD820A000290C6 /* AppDelegate.swift */; };
		81D7C4E726CD820A000290C6 /* SceneDelegate.swift in Sources */ = {isa = PBXBuildFile; fileRef = 81D7C4E626CD820A000290C6 /* SceneDelegate.swift */; };
		81D7C4E926CD820A000290C6 /* ViewController.swift in Sources */ = {isa = PBXBuildFile; fileRef = 81D7C4E826CD820A000290C6 /* ViewController.swift */; };
		81D7C4EC26CD820A000290C6 /* Main.storyboard in Resources */ = {isa = PBXBuildFile; fileRef = 81D7C4EA26CD820A000290C6 /* Main.storyboard */; };
		81D7C4EE26CD820C000290C6 /* Assets.xcassets in Resources */ = {isa = PBXBuildFile; fileRef = 81D7C4ED26CD820C000290C6 /* Assets.xcassets */; };
		81D7C4F126CD820C000290C6 /* LaunchScreen.storyboard in Resources */ = {isa = PBXBuildFile; fileRef = 81D7C4EF26CD820C000290C6 /* LaunchScreen.storyboard */; };
		81D7C4FC26CD820C000290C6 /* AlertProjectTests.swift in Sources */ = {isa = PBXBuildFile; fileRef = 81D7C4FB26CD820C000290C6 /* AlertProjectTests.swift */; };
		81D7C50726CD820C000290C6 /* AlertProjectUITests.swift in Sources */ = {isa = PBXBuildFile; fileRef = 81D7C50626CD820C000290C6 /* AlertProjectUITests.swift */; };
/* End PBXBuildFile section */

/* Begin PBXContainerItemProxy section */
		81D7C4F826CD820C000290C6 /* PBXContainerItemProxy */ = {
			isa = PBXContainerItemProxy;
			containerPortal = 81D7C4D926CD820A000290C6 /* Project object */;
			proxyType = 1;
			remoteGlobalIDString = 81D7C4E026CD820A000290C6;
			remoteInfo = AlertProject;
		};
		81D7C50326CD820C000290C6 /* PBXContainerItemProxy */ = {
			isa = PBXContainerItemProxy;
			containerPortal = 81D7C4D926CD820A000290C6 /* Project object */;
			proxyType = 1;
			remoteGlobalIDString = 81D7C4E026CD820A000290C6;
			remoteInfo = AlertProject;
		};
/* End PBXContainerItemProxy section */

/* Begin PBXFileReference section */
		81D7C4E126CD820A000290C6 /* AlertProject.app */ = {isa = PBXFileReference; explicitFileType = wrapper.application; includeInIndex = 0; path = AlertProject.app; sourceTree = BUILT_PRODUCTS_DIR; };
		81D7C4E426CD820A000290C6 /* AppDelegate.swift */ = {isa = PBXFileReference; lastKnownFileType = sourcecode.swift; path = AppDelegate.swift; sourceTree = "<group>"; };
		81D7C4E626CD820A000290C6 /* SceneDelegate.swift */ = {isa = PBXFileReference; lastKnownFileType = sourcecode.swift; path = SceneDelegate.swift; sourceTree = "<group>"; };
		81D7C4E826CD820A000290C6 /* ViewController.swift */ = {isa = PBXFileReference; lastKnownFileType = sourcecode.swift; path = ViewController.swift; sourceTree = "<group>"; };
		81D7C4EB26CD820A000290C6 /* Base */ = {isa = PBXFileReference; lastKnownFileType = file.storyboard; name = Base; path = Base.lproj/Main.storyboard; sourceTree = "<group>"; };
		81D7C4ED26CD820C000290C6 /* Assets.xcassets */ = {isa = PBXFileReference; lastKnownFileType = folder.assetcatalog; path = Assets.xcassets; sourceTree = "<group>"; };
		81D7C4F026CD820C000290C6 /* Base */ = {isa = PBXFileReference; lastKnownFileType = file.storyboard; name = Base; path = Base.lproj/LaunchScreen.storyboard; sourceTree = "<group>"; };
		81D7C4F226CD820C000290C6 /* Info.plist */ = {isa = PBXFileReference; lastKnownFileType = text.plist.xml; path = Info.plist; sourceTree = "<group>"; };
		81D7C4F726CD820C000290C6 /* AlertProjectTests.xctest */ = {isa = PBXFileReference; explicitFileType = wrapper.cfbundle; includeInIndex = 0; path = AlertProjectTests.xctest; sourceTree = BUILT_PRODUCTS_DIR; };
		81D7C4FB26CD820C000290C6 /* AlertProjectTests.swift */ = {isa = PBXFileReference; lastKnownFileType = sourcecode.swift; path = AlertProjectTests.swift; sourceTree = "<group>"; };
		81D7C4FD26CD820C000290C6 /* Info.plist */ = {isa = PBXFileReference; lastKnownFileType = text.plist.xml; path = Info.plist; sourceTree = "<group>"; };
		81D7C50226CD820C000290C6 /* AlertProjectUITests.xctest */ = {isa = PBXFileReference; explicitFileType = wrapper.cfbundle; includeInIndex = 0; path = AlertProjectUITests.xctest; sourceTree = BUILT_PRODUCTS_DIR; };
		81D7C50626CD820C000290C6 /* AlertProjectUITests.swift */ = {isa = PBXFileReference; lastKnownFileType = sourcecode.swift; path = AlertProjectUITests.swift; sourceTree = "<group>"; };
		81D7C50826CD820C000290C6 /* Info.plist */ = {isa = PBXFileReference; lastKnownFileType = text.plist.xml; path = Info.plist; sourceTree = "<group>"; };
/* End PBXFileReference section */

/* Begin PBXFrameworksBuildPhase section */
		81D7C4DE26CD820A000290C6 /* Frameworks */ = {
			isa = PBXFrameworksBuildPhase;
			buildActionMask = 2147483647;
			files = (
			);
			runOnlyForDeploymentPostprocessing = 0;
		};
		81D7C4F426CD820C000290C6 /* Frameworks */ = {
			isa = PBXFrameworksBuildPhase;
			buildActionMask = 2147483647;
			files = (
			);
			runOnlyForDeploymentPostprocessing = 0;
		};
		81D7C4FF26CD820C000290C6 /* Frameworks */ = {
			isa = PBXFrameworksBuildPhase;
			buildActionMask = 2147483647;
			files = (
			);
			runOnlyForDeploymentPostprocessing = 0;
		};
/* End PBXFrameworksBuildPhase section */

/* Begin PBXGroup section */
		81D7C4D826CD820A000290C6 = {
			isa = PBXGroup;
			children = (
				81D7C4E326CD820A000290C6 /* AlertProject */,
				81D7C4FA26CD820C000290C6 /* AlertProjectTests */,
				81D7C50526CD820C000290C6 /* AlertProjectUITests */,
				81D7C4E226CD820A000290C6 /* Products */,
			);
			sourceTree = "<group>";
		};
		81D7C4E226CD820A000290C6 /* Products */ = {
			isa = PBXGroup;
			children = (
				81D7C4E126CD820A000290C6 /* AlertProject.app */,
				81D7C4F726CD820C000290C6 /* AlertProjectTests.xctest */,
				81D7C50226CD820C000290C6 /* AlertProjectUITests.xctest */,
			);
			name = Products;
			sourceTree = "<group>";
		};
		81D7C4E326CD820A000290C6 /* AlertProject */ = {
			isa = PBXGroup;
			children = (
				81D7C4E426CD820A000290C6 /* AppDelegate.swift */,
				81D7C4E626CD820A000290C6 /* SceneDelegate.swift */,
				81D7C4E826CD820A000290C6 /* ViewController.swift */,
				81D7C4EA26CD820A000290C6 /* Main.storyboard */,
				81D7C4ED26CD820C000290C6 /* Assets.xcassets */,
				81D7C4EF26CD820C000290C6 /* LaunchScreen.storyboard */,
				81D7C4F226CD820C000290C6 /* Info.plist */,
			);
			path = AlertProject;
			sourceTree = "<group>";
		};
		81D7C4FA26CD820C000290C6 /* AlertProjectTests */ = {
			isa = PBXGroup;
			children = (
				81D7C4FB26CD820C000290C6 /* AlertProjectTests.swift */,
				81D7C4FD26CD820C000290C6 /* Info.plist */,
			);
			path = AlertProjectTests;
			sourceTree = "<group>";
		};
		81D7C50526CD820C000290C6 /* AlertProjectUITests */ = {
			isa = PBXGroup;
			children = (
				81D7C50626CD820C000290C6 /* AlertProjectUITests.swift */,
				81D7C50826CD820C000290C6 /* Info.plist */,
			);
			path = AlertProjectUITests;
			sourceTree = "<group>";
		};
/* End PBXGroup section */

/* Begin PBXNativeTarget section */
		81D7C4E026CD820A000290C6 /* AlertProject */ = {
			isa = PBXNativeTarget;
			buildConfigurationList = 81D7C50B26CD820C000290C6 /* Build configuration list for PBXNativeTarget "AlertProject" */;
			buildPhases = (
				81D7C4DD26CD820A000290C6 /* Sources */,
				81D7C4DE26CD820A000290C6 /* Frameworks */,
				81D7C4DF26CD820A000290C6 /* Resources */,
			);
			buildRules = (
			);
			dependencies = (
			);
			name = AlertProject;
			productName = AlertProject;
			productReference = 81D7C4E126CD820A000290C6 /* AlertProject.app */;
			productType = "com.apple.product-type.application";
		};
		81D7C4F626CD820C000290C6 /* AlertProjectTests */ = {
			isa = PBXNativeTarget;
			buildConfigurationList = 81D7C50E26CD820C000290C6 /* Build configuration list for PBXNativeTarget "AlertProjectTests" */;
			buildPhases = (
				81D7C4F326CD820C000290C6 /* Sources */,
				81D7C4F426CD820C000290C6 /* Frameworks */,
				81D7C4F526CD820C000290C6 /* Resources */,
			);
			buildRules = (
			);
			dependencies = (
				81D7C4F926CD820C000290C6 /* PBXTargetDependency */,
			);
			name = AlertProjectTests;
			productName = AlertProjectTests;
			productReference = 81D7C4F726CD820C000290C6 /* AlertProjectTests.xctest */;
			productType = "com.apple.product-type.bundle.unit-test";
		};
		81D7C50126CD820C000290C6 /* AlertProjectUITests */ = {
			isa = PBXNativeTarget;
			buildConfigurationList = 81D7C51126CD820C000290C6 /* Build configuration list for PBXNativeTarget "AlertProjectUITests" */;
			buildPhases = (
				81D7C4FE26CD820C000290C6 /* Sources */,
				81D7C4FF26CD820C000290C6 /* Frameworks */,
				81D7C50026CD820C000290C6 /* Resources */,
			);
			buildRules = (
			);
			dependencies = (
				81D7C50426CD820C000290C6 /* PBXTargetDependency */,
			);
			name = AlertProjectUITests;
			productName = AlertProjectUITests;
			productReference = 81D7C50226CD820C000290C6 /* AlertProjectUITests.xctest */;
			productType = "com.apple.product-type.bundle.ui-testing";
		};
/* End PBXNativeTarget section */

/* Begin PBXProject section */
		81D7C4D926CD820A000290C6 /* Project object */ = {
			isa = PBXProject;
			attributes = {
				LastSwiftUpdateCheck = 1250;
				LastUpgradeCheck = 1250;
				TargetAttributes = {
					81D7C4E026CD820A000290C6 = {
						CreatedOnToolsVersion = 12.5.1;
					};
					81D7C4F626CD820C000290C6 = {
						CreatedOnToolsVersion = 12.5.1;
						TestTargetID = 81D7C4E026CD820A000290C6;
					};
					81D7C50126CD820C000290C6 = {
						CreatedOnToolsVersion = 12.5.1;
						TestTargetID = 81D7C4E026CD820A000290C6;
					};
				};
			};
			buildConfigurationList = 81D7C4DC26CD820A000290C6 /* Build configuration list for PBXProject "AlertProject" */;
			compatibilityVersion = "Xcode 9.3";
			developmentRegion = en;
			hasScannedForEncodings = 0;
			knownRegions = (
				en,
				Base,
			);
			mainGroup = 81D7C4D826CD820A000290C6;
			productRefGroup = 81D7C4E226CD820A000290C6 /* Products */;
			projectDirPath = "";
			projectRoot = "";
			targets = (
				81D7C4E026CD820A000290C6 /* AlertProject */,
				81D7C4F626CD820C000290C6 /* AlertProjectTests */,
				81D7C50126CD820C000290C6 /* AlertProjectUITests */,
			);
		};
/* End PBXProject section */

/* Begin PBXResourcesBuildPhase section */
		81D7C4DF26CD820A000290C6 /* Resources */ = {
			isa = PBXResourcesBuildPhase;
			buildActionMask = 2147483647;
			files = (
				81D7C4F126CD820C000290C6 /* LaunchScreen.storyboard in Resources */,
				81D7C4EE26CD820C000290C6 /* Assets.xcassets in Resources */,
				81D7C4EC26CD820A000290C6 /* Main.storyboard in Resources */,
			);
			runOnlyForDeploymentPostprocessing = 0;
		};
		81D7C4F526CD820C000290C6 /* Resources */ = {
			isa = PBXResourcesBuildPhase;
			buildActionMask = 2147483647;
			files = (
			);
			runOnlyForDeploymentPostprocessing = 0;
		};
		81D7C50026CD820C000290C6 /* Resources */ = {
			isa = PBXResourcesBuildPhase;
			buildActionMask = 2147483647;
			files = (
			);
			runOnlyForDeploymentPostprocessing = 0;
		};
/* End PBXResourcesBuildPhase section */

/* Begin PBXSourcesBuildPhase section */
		81D7C4DD26CD820A000290C6 /* Sources */ = {
			isa = PBXSourcesBuildPhase;
			buildActionMask = 2147483647;
			files = (
				81D7C4E926CD820A000290C6 /* ViewController.swift in Sources */,
				81D7C4E526CD820A000290C6 /* AppDelegate.swift in Sources */,
				81D7C4E726CD820A000290C6 /* SceneDelegate.swift in Sources */,
			);
			runOnlyForDeploymentPostprocessing = 0;
		};
		81D7C4F326CD820C000290C6 /* Sources */ = {
			isa = PBXSourcesBuildPhase;
			buildActionMask = 2147483647;
			files = (
				81D7C4FC26CD820C000290C6 /* AlertProjectTests.swift in Sources */,
			);
			runOnlyForDeploymentPostprocessing = 0;
		};
		81D7C4FE26CD820C000290C6 /* Sources */ = {
			isa = PBXSourcesBuildPhase;
			buildActionMask = 2147483647;
			files = (
				81D7C50726CD820C000290C6 /* AlertProjectUITests.swift in Sources */,
			);
			runOnlyForDeploymentPostprocessing = 0;
		};
/* End PBXSourcesBuildPhase section */

/* Begin PBXTargetDependency section */
		81D7C4F926CD820C000290C6 /* PBXTargetDependency */ = {
			isa = PBXTargetDependency;
			target = 81D7C4E026CD820A000290C6 /* AlertProject */;
			targetProxy = 81D7C4F826CD820C000290C6 /* PBXContainerItemProxy */;
		};
		81D7C50426CD820C000290C6 /* PBXTargetDependency */ = {
			isa = PBXTargetDependency;
			target = 81D7C4E026CD820A000290C6 /* AlertProject */;
			targetProxy = 81D7C50326CD820C000290C6 /* PBXContainerItemProxy */;
		};
/* End PBXTargetDependency section */

/* Begin PBXVariantGroup section */
		81D7C4EA26CD820A000290C6 /* Main.storyboard */ = {
			isa = PBXVariantGroup;
			children = (
				81D7C4EB26CD820A000290C6 /* Base */,
			);
			name = Main.storyboard;
			sourceTree = "<group>";
		};
		81D7C4EF26CD820C000290C6 /* LaunchScreen.storyboard */ = {
			isa = PBXVariantGroup;
			children = (
				81D7C4F026CD820C000290C6 /* Base */,
			);
			name = LaunchScreen.storyboard;
			sourceTree = "<group>";
		};
/* End PBXVariantGroup section */

/* Begin XCBuildConfiguration section */
		81D7C50926CD820C000290C6 /* Debug */ = {
			isa = XCBuildConfiguration;
			buildSettings = {
				ALWAYS_SEARCH_USER_PATHS = NO;
				CLANG_ANALYZER_NONNULL = YES;
				CLANG_ANALYZER_NUMBER_OBJECT_CONVERSION = YES_AGGRESSIVE;
				CLANG_CXX_LANGUAGE_STANDARD = "gnu++14";
				CLANG_CXX_LIBRARY = "libc++";
				CLANG_ENABLE_MODULES = YES;
				CLANG_ENABLE_OBJC_ARC = YES;
				CLANG_ENABLE_OBJC_WEAK = YES;
				CLANG_WARN_BLOCK_CAPTURE_AUTORELEASING = YES;
				CLANG_WARN_BOOL_CONVERSION = YES;
				CLANG_WARN_COMMA = YES;
				CLANG_WARN_CONSTANT_CONVERSION = YES;
				CLANG_WARN_DEPRECATED_OBJC_IMPLEMENTATIONS = YES;
				CLANG_WARN_DIRECT_OBJC_ISA_USAGE = YES_ERROR;
				CLANG_WARN_DOCUMENTATION_COMMENTS = YES;
				CLANG_WARN_EMPTY_BODY = YES;
				CLANG_WARN_ENUM_CONVERSION = YES;
				CLANG_WARN_INFINITE_RECURSION = YES;
				CLANG_WARN_INT_CONVERSION = YES;
				CLANG_WARN_NON_LITERAL_NULL_CONVERSION = YES;
				CLANG_WARN_OBJC_IMPLICIT_RETAIN_SELF = YES;
				CLANG_WARN_OBJC_LITERAL_CONVERSION = YES;
				CLANG_WARN_OBJC_ROOT_CLASS = YES_ERROR;
				CLANG_WARN_QUOTED_INCLUDE_IN_FRAMEWORK_HEADER = YES;
				CLANG_WARN_RANGE_LOOP_ANALYSIS = YES;
				CLANG_WARN_STRICT_PROTOTYPES = YES;
				CLANG_WARN_SUSPICIOUS_MOVE = YES;
				CLANG_WARN_UNGUARDED_AVAILABILITY = YES_AGGRESSIVE;
				CLANG_WARN_UNREACHABLE_CODE = YES;
				CLANG_WARN__DUPLICATE_METHOD_MATCH = YES;
				COPY_PHASE_STRIP = NO;
				DEBUG_INFORMATION_FORMAT = dwarf;
				ENABLE_STRICT_OBJC_MSGSEND = YES;
				ENABLE_TESTABILITY = YES;
				GCC_C_LANGUAGE_STANDARD = gnu11;
				GCC_DYNAMIC_NO_PIC = NO;
				GCC_NO_COMMON_BLOCKS = YES;
				GCC_OPTIMIZATION_LEVEL = 0;
				GCC_PREPROCESSOR_DEFINITIONS = (
					"DEBUG=1",
					"$(inherited)",
				);
				GCC_WARN_64_TO_32_BIT_CONVERSION = YES;
				GCC_WARN_ABOUT_RETURN_TYPE = YES_ERROR;
				GCC_WARN_UNDECLARED_SELECTOR = YES;
				GCC_WARN_UNINITIALIZED_AUTOS = YES_AGGRESSIVE;
				GCC_WARN_UNUSED_FUNCTION = YES;
				GCC_WARN_UNUSED_VARIABLE = YES;
				IPHONEOS_DEPLOYMENT_TARGET = 14.5;
				MTL_ENABLE_DEBUG_INFO = INCLUDE_SOURCE;
				MTL_FAST_MATH = YES;
				ONLY_ACTIVE_ARCH = YES;
				SDKROOT = iphoneos;
				SWIFT_ACTIVE_COMPILATION_CONDITIONS = DEBUG;
				SWIFT_OPTIMIZATION_LEVEL = "-Onone";
			};
			name = Debug;
		};
		81D7C50A26CD820C000290C6 /* Release */ = {
			isa = XCBuildConfiguration;
			buildSettings = {
				ALWAYS_SEARCH_USER_PATHS = NO;
				CLANG_ANALYZER_NONNULL = YES;
				CLANG_ANALYZER_NUMBER_OBJECT_CONVERSION = YES_AGGRESSIVE;
				CLANG_CXX_LANGUAGE_STANDARD = "gnu++14";
				CLANG_CXX_LIBRARY = "libc++";
				CLANG_ENABLE_MODULES = YES;
				CLANG_ENABLE_OBJC_ARC = YES;
				CLANG_ENABLE_OBJC_WEAK = YES;
				CLANG_WARN_BLOCK_CAPTURE_AUTORELEASING = YES;
				CLANG_WARN_BOOL_CONVERSION = YES;
				CLANG_WARN_COMMA = YES;
				CLANG_WARN_CONSTANT_CONVERSION = YES;
				CLANG_WARN_DEPRECATED_OBJC_IMPLEMENTATIONS = YES;
				CLANG_WARN_DIRECT_OBJC_ISA_USAGE = YES_ERROR;
				CLANG_WARN_DOCUMENTATION_COMMENTS = YES;
				CLANG_WARN_EMPTY_BODY = YES;
				CLANG_WARN_ENUM_CONVERSION = YES;
				CLANG_WARN_INFINITE_RECURSION = YES;
				CLANG_WARN_INT_CONVERSION = YES;
				CLANG_WARN_NON_LITERAL_NULL_CONVERSION = YES;
				CLANG_WARN_OBJC_IMPLICIT_RETAIN_SELF = YES;
				CLANG_WARN_OBJC_LITERAL_CONVERSION = YES;
				CLANG_WARN_OBJC_ROOT_CLASS = YES_ERROR;
				CLANG_WARN_QUOTED_INCLUDE_IN_FRAMEWORK_HEADER = YES;
				CLANG_WARN_RANGE_LOOP_ANALYSIS = YES;
				CLANG_WARN_STRICT_PROTOTYPES = YES;
				CLANG_WARN_SUSPICIOUS_MOVE = YES;
				CLANG_WARN_UNGUARDED_AVAILABILITY = YES_AGGRESSIVE;
				CLANG_WARN_UNREACHABLE_CODE = YES;
				CLANG_WARN__DUPLICATE_METHOD_MATCH = YES;
				COPY_PHASE_STRIP = NO;
				DEBUG_INFORMATION_FORMAT = "dwarf-with-dsym";
				ENABLE_NS_ASSERTIONS = NO;
				ENABLE_STRICT_OBJC_MSGSEND = YES;
				GCC_C_LANGUAGE_STANDARD = gnu11;
				GCC_NO_COMMON_BLOCKS = YES;
				GCC_WARN_64_TO_32_BIT_CONVERSION = YES;
				GCC_WARN_ABOUT_RETURN_TYPE = YES_ERROR;
				GCC_WARN_UNDECLARED_SELECTOR = YES;
				GCC_WARN_UNINITIALIZED_AUTOS = YES_AGGRESSIVE;
				GCC_WARN_UNUSED_FUNCTION = YES;
				GCC_WARN_UNUSED_VARIABLE = YES;
				IPHONEOS_DEPLOYMENT_TARGET = 14.5;
				MTL_ENABLE_DEBUG_INFO = NO;
				MTL_FAST_MATH = YES;
				SDKROOT = iphoneos;
				SWIFT_COMPILATION_MODE = wholemodule;
				SWIFT_OPTIMIZATION_LEVEL = "-O";
				VALIDATE_PRODUCT = YES;
			};
			name = Release;
		};
		81D7C50C26CD820C000290C6 /* Debug */ = {
			isa = XCBuildConfiguration;
			buildSettings = {
				ASSETCATALOG_COMPILER_APPICON_NAME = AppIcon;
				ASSETCATALOG_COMPILER_GLOBAL_ACCENT_COLOR_NAME = AccentColor;
				CODE_SIGN_STYLE = Automatic;
				DEVELOPMENT_TEAM = V243TY6SKY;
				INFOPLIST_FILE = AlertProject/Info.plist;
				LD_RUNPATH_SEARCH_PATHS = (
					"$(inherited)",
					"@executable_path/Frameworks",
				);
				PRODUCT_BUNDLE_IDENTIFIER = com.numanonur.AlertProject;
				PRODUCT_NAME = "$(TARGET_NAME)";
				SWIFT_VERSION = 5.0;
				TARGETED_DEVICE_FAMILY = "1,2";
			};
			name = Debug;
		};
		81D7C50D26CD820C000290C6 /* Release */ = {
			isa = XCBuildConfiguration;
			buildSettings = {
				ASSETCATALOG_COMPILER_APPICON_NAME = AppIcon;
				ASSETCATALOG_COMPILER_GLOBAL_ACCENT_COLOR_NAME = AccentColor;
				CODE_SIGN_STYLE = Automatic;
				DEVELOPMENT_TEAM = V243TY6SKY;
				INFOPLIST_FILE = AlertProject/Info.plist;
				LD_RUNPATH_SEARCH_PATHS = (
					"$(inherited)",
					"@executable_path/Frameworks",
				);
				PRODUCT_BUNDLE_IDENTIFIER = com.numanonur.AlertProject;
				PRODUCT_NAME = "$(TARGET_NAME)";
				SWIFT_VERSION = 5.0;
				TARGETED_DEVICE_FAMILY = "1,2";
			};
			name = Release;
		};
		81D7C50F26CD820C000290C6 /* Debug */ = {
			isa = XCBuildConfiguration;
			buildSettings = {
				ALWAYS_EMBED_SWIFT_STANDARD_LIBRARIES = YES;
				BUNDLE_LOADER = "$(TEST_HOST)";
				CODE_SIGN_STYLE = Automatic;
				DEVELOPMENT_TEAM = V243TY6SKY;
				INFOPLIST_FILE = AlertProjectTests/Info.plist;
				IPHONEOS_DEPLOYMENT_TARGET = 14.5;
				LD_RUNPATH_SEARCH_PATHS = (
					"$(inherited)",
					"@executable_path/Frameworks",
					"@loader_path/Frameworks",
				);
				PRODUCT_BUNDLE_IDENTIFIER = com.numanonur.AlertProjectTests;
				PRODUCT_NAME = "$(TARGET_NAME)";
				SWIFT_VERSION = 5.0;
				TARGETED_DEVICE_FAMILY = "1,2";
				TEST_HOST = "$(BUILT_PRODUCTS_DIR)/AlertProject.app/AlertProject";
			};
			name = Debug;
		};
		81D7C51026CD820C000290C6 /* Release */ = {
			isa = XCBuildConfiguration;
			buildSettings = {
				ALWAYS_EMBED_SWIFT_STANDARD_LIBRARIES = YES;
				BUNDLE_LOADER = "$(TEST_HOST)";
				CODE_SIGN_STYLE = Automatic;
				DEVELOPMENT_TEAM = V243TY6SKY;
				INFOPLIST_FILE = AlertProjectTests/Info.plist;
				IPHONEOS_DEPLOYMENT_TARGET = 14.5;
				LD_RUNPATH_SEARCH_PATHS = (
					"$(inherited)",
					"@executable_path/Frameworks",
					"@loader_path/Frameworks",
				);
				PRODUCT_BUNDLE_IDENTIFIER = com.numanonur.AlertProjectTests;
				PRODUCT_NAME = "$(TARGET_NAME)";
				SWIFT_VERSION = 5.0;
				TARGETED_DEVICE_FAMILY = "1,2";
				TEST_HOST = "$(BUILT_PRODUCTS_DIR)/AlertProject.app/AlertProject";
			};
			name = Release;
		};
		81D7C51226CD820C000290C6 /* Debug */ = {
			isa = XCBuildConfiguration;
			buildSettings = {
				ALWAYS_EMBED_SWIFT_STANDARD_LIBRARIES = YES;
				CODE_SIGN_STYLE = Automatic;
				DEVELOPMENT_TEAM = V243TY6SKY;
				INFOPLIST_FILE = AlertProjectUITests/Info.plist;
				LD_RUNPATH_SEARCH_PATHS = (
					"$(inherited)",
					"@executable_path/Frameworks",
					"@loader_path/Frameworks",
				);
				PRODUCT_BUNDLE_IDENTIFIER = com.numanonur.AlertProjectUITests;
				PRODUCT_NAME = "$(TARGET_NAME)";
				SWIFT_VERSION = 5.0;
				TARGETED_DEVICE_FAMILY = "1,2";
				TEST_TARGET_NAME = AlertProject;
			};
			name = Debug;
		};
		81D7C51326CD820C000290C6 /* Release */ = {
			isa = XCBuildConfiguration;
			buildSettings = {
				ALWAYS_EMBED_SWIFT_STANDARD_LIBRARIES = YES;
				CODE_SIGN_STYLE = Automatic;
				DEVELOPMENT_TEAM = V243TY6SKY;
				INFOPLIST_FILE = AlertProjectUITests/Info.plist;
				LD_RUNPATH_SEARCH_PATHS = (
					"$(inherited)",
					"@executable_path/Frameworks",
					"@loader_path/Frameworks",
				);
				PRODUCT_BUNDLE_IDENTIFIER = com.numanonur.AlertProjectUITests;
				PRODUCT_NAME = "$(TARGET_NAME)";
				SWIFT_VERSION = 5.0;
				TARGETED_DEVICE_FAMILY = "1,2";
				TEST_TARGET_NAME = AlertProject;
			};
			name = Release;
		};
/* End XCBuildConfiguration section */

/* Begin XCConfigurationList section */
		81D7C4DC26CD820A000290C6 /* Build configuration list for PBXProject "AlertProject" */ = {
			isa = XCConfigurationList;
			buildConfigurations = (
				81D7C50926CD820C000290C6 /* Debug */,
				81D7C50A26CD820C000290C6 /* Release */,
			);
			defaultConfigurationIsVisible = 0;
			defaultConfigurationName = Release;
		};
		81D7C50B26CD820C000290C6 /* Build configuration list for PBXNativeTarget "AlertProject" */ = {
			isa = XCConfigurationList;
			buildConfigurations = (
				81D7C50C26CD820C000290C6 /* Debug */,
				81D7C50D26CD820C000290C6 /* Release */,
			);
			defaultConfigurationIsVisible = 0;
			defaultConfigurationName = Release;
		};
		81D7C50E26CD820C000290C6 /* Build configuration list for PBXNativeTarget "AlertProjectTests" */ = {
			isa = XCConfigurationList;
			buildConfigurations = (
				81D7C50F26CD820C000290C6 /* Debug */,
				81D7C51026CD820C000290C6 /* Release */,
			);
			defaultConfigurationIsVisible = 0;
			defaultConfigurationName = Release;
		};
		81D7C51126CD820C000290C6 /* Build configuration list for PBXNativeTarget "AlertProjectUITests" */ = {
			isa = XCConfigurationList;
			buildConfigurations = (
				81D7C51226CD820C000290C6 /* Debug */,
				81D7C51326CD820C000290C6 /* Release */,
			);
			defaultConfigurationIsVisible = 0;
			defaultConfigurationName = Release;
		};
/* End XCConfigurationList section */
	};
	rootObject = 81D7C4D926CD820A000290C6 /* Project object */;
}
